// !$*UTF8*$!
{
	archiveVersion = 1;
	classes = {
	};
	objectVersion = 50;
	objects = {

/* Begin PBXBuildFile section */
		D306752925F7303900550520 /* AppDelegate.swift in Sources */ = {isa = PBXBuildFile; fileRef = D306752825F7303900550520 /* AppDelegate.swift */; };
		D306752E25F7303900550520 /* Main.storyboard in Resources */ = {isa = PBXBuildFile; fileRef = D306752C25F7303900550520 /* Main.storyboard */; };
		D306753125F7303900550520 /* FavoriteDogs.xcdatamodeld in Sources */ = {isa = PBXBuildFile; fileRef = D306752F25F7303900550520 /* FavoriteDogs.xcdatamodeld */; };
		D306753325F7303A00550520 /* Assets.xcassets in Resources */ = {isa = PBXBuildFile; fileRef = D306753225F7303A00550520 /* Assets.xcassets */; };
		D306753625F7303A00550520 /* LaunchScreen.storyboard in Resources */ = {isa = PBXBuildFile; fileRef = D306753425F7303A00550520 /* LaunchScreen.storyboard */; };
		D306753F25F731CE00550520 /* DogBreedTableViewCell.swift in Sources */ = {isa = PBXBuildFile; fileRef = D306753E25F731CE00550520 /* DogBreedTableViewCell.swift */; };
		D306754225F732EC00550520 /* DogBreedViewController.swift in Sources */ = {isa = PBXBuildFile; fileRef = D306754125F732EC00550520 /* DogBreedViewController.swift */; };
		D306754625F7338100550520 /* DogClient.swift in Sources */ = {isa = PBXBuildFile; fileRef = D306754525F7338100550520 /* DogClient.swift */; };
		D306754825F7339A00550520 /* DogResponse.swift in Sources */ = {isa = PBXBuildFile; fileRef = D306754725F7339A00550520 /* DogResponse.swift */; };
		D32A0F9A25FA6EF500948225 /* FavoriteDogsPhotoCollectionViewController.swift in Sources */ = {isa = PBXBuildFile; fileRef = D32A0F9925FA6EF500948225 /* FavoriteDogsPhotoCollectionViewController.swift */; };
		D32A0F9C25FA758600948225 /* FavoriteDogCollectionViewCell.swift in Sources */ = {isa = PBXBuildFile; fileRef = D32A0F9B25FA758600948225 /* FavoriteDogCollectionViewCell.swift */; };
		D3838C5425F8719400DD3CEF /* DataController.swift in Sources */ = {isa = PBXBuildFile; fileRef = D3838C5325F8719400DD3CEF /* DataController.swift */; };
		D392843025FD809C0096F698 /* Alerts.swift in Sources */ = {isa = PBXBuildFile; fileRef = D392842F25FD809C0096F698 /* Alerts.swift */; };
		D3C1E03A25F7DC6B00766B3E /* BreedPhotoCollectionViewController.swift in Sources */ = {isa = PBXBuildFile; fileRef = D3C1E03925F7DC6B00766B3E /* BreedPhotoCollectionViewController.swift */; };
		D3C1E03C25F7EE8300766B3E /* BreedCollectionViewCell.swift in Sources */ = {isa = PBXBuildFile; fileRef = D3C1E03B25F7EE8300766B3E /* BreedCollectionViewCell.swift */; };
/* End PBXBuildFile section */

/* Begin PBXFileReference section */
		D306752525F7303900550520 /* FavoriteDogs.app */ = {isa = PBXFileReference; explicitFileType = wrapper.application; includeInIndex = 0; path = FavoriteDogs.app; sourceTree = BUILT_PRODUCTS_DIR; };
		D306752825F7303900550520 /* AppDelegate.swift */ = {isa = PBXFileReference; lastKnownFileType = sourcecode.swift; path = AppDelegate.swift; sourceTree = "<group>"; };
		D306752D25F7303900550520 /* Base */ = {isa = PBXFileReference; lastKnownFileType = file.storyboard; name = Base; path = Base.lproj/Main.storyboard; sourceTree = "<group>"; };
		D306753025F7303900550520 /* FavoriteDogs.xcdatamodel */ = {isa = PBXFileReference; lastKnownFileType = wrapper.xcdatamodel; path = FavoriteDogs.xcdatamodel; sourceTree = "<group>"; };
		D306753225F7303A00550520 /* Assets.xcassets */ = {isa = PBXFileReference; lastKnownFileType = folder.assetcatalog; path = Assets.xcassets; sourceTree = "<group>"; };
		D306753525F7303A00550520 /* Base */ = {isa = PBXFileReference; lastKnownFileType = file.storyboard; name = Base; path = Base.lproj/LaunchScreen.storyboard; sourceTree = "<group>"; };
		D306753725F7303A00550520 /* Info.plist */ = {isa = PBXFileReference; lastKnownFileType = text.plist.xml; path = Info.plist; sourceTree = "<group>"; };
		D306753E25F731CE00550520 /* DogBreedTableViewCell.swift */ = {isa = PBXFileReference; lastKnownFileType = sourcecode.swift; path = DogBreedTableViewCell.swift; sourceTree = "<group>"; };
		D306754125F732EC00550520 /* DogBreedViewController.swift */ = {isa = PBXFileReference; lastKnownFileType = sourcecode.swift; path = DogBreedViewController.swift; sourceTree = "<group>"; };
		D306754525F7338100550520 /* DogClient.swift */ = {isa = PBXFileReference; lastKnownFileType = sourcecode.swift; path = DogClient.swift; sourceTree = "<group>"; };
		D306754725F7339A00550520 /* DogResponse.swift */ = {isa = PBXFileReference; lastKnownFileType = sourcecode.swift; path = DogResponse.swift; sourceTree = "<group>"; };
		D32A0F9925FA6EF500948225 /* FavoriteDogsPhotoCollectionViewController.swift */ = {isa = PBXFileReference; lastKnownFileType = sourcecode.swift; path = FavoriteDogsPhotoCollectionViewController.swift; sourceTree = "<group>"; };
		D32A0F9B25FA758600948225 /* FavoriteDogCollectionViewCell.swift */ = {isa = PBXFileReference; lastKnownFileType = sourcecode.swift; path = FavoriteDogCollectionViewCell.swift; sourceTree = "<group>"; };
		D3838C5325F8719400DD3CEF /* DataController.swift */ = {isa = PBXFileReference; lastKnownFileType = sourcecode.swift; path = DataController.swift; sourceTree = "<group>"; };
		D392842F25FD809C0096F698 /* Alerts.swift */ = {isa = PBXFileReference; lastKnownFileType = sourcecode.swift; path = Alerts.swift; sourceTree = "<group>"; };
		D3C1E03925F7DC6B00766B3E /* BreedPhotoCollectionViewController.swift */ = {isa = PBXFileReference; lastKnownFileType = sourcecode.swift; path = BreedPhotoCollectionViewController.swift; sourceTree = "<group>"; };
		D3C1E03B25F7EE8300766B3E /* BreedCollectionViewCell.swift */ = {isa = PBXFileReference; lastKnownFileType = sourcecode.swift; path = BreedCollectionViewCell.swift; sourceTree = "<group>"; };
/* End PBXFileReference section */

/* Begin PBXFrameworksBuildPhase section */
		D306752225F7303900550520 /* Frameworks */ = {
			isa = PBXFrameworksBuildPhase;
			buildActionMask = 2147483647;
			files = (
			);
			runOnlyForDeploymentPostprocessing = 0;
		};
/* End PBXFrameworksBuildPhase section */

/* Begin PBXGroup section */
		D306751C25F7303900550520 = {
			isa = PBXGroup;
			children = (
				D306752725F7303900550520 /* FavoriteDogs */,
				D306752625F7303900550520 /* Products */,
			);
			sourceTree = "<group>";
		};
		D306752625F7303900550520 /* Products */ = {
			isa = PBXGroup;
			children = (
				D306752525F7303900550520 /* FavoriteDogs.app */,
			);
			name = Products;
			sourceTree = "<group>";
		};
		D306752725F7303900550520 /* FavoriteDogs */ = {
			isa = PBXGroup;
			children = (
				D392842E25FD80870096F698 /* Helpers */,
				D306754325F7336200550520 /* Model */,
				D306754025F732D200550520 /* Controller */,
				D306753D25F7319A00550520 /* View */,
				D306752C25F7303900550520 /* Main.storyboard */,
				D306753225F7303A00550520 /* Assets.xcassets */,
				D306753425F7303A00550520 /* LaunchScreen.storyboard */,
				D306753725F7303A00550520 /* Info.plist */,
				D306752F25F7303900550520 /* FavoriteDogs.xcdatamodeld */,
			);
			path = FavoriteDogs;
			sourceTree = "<group>";
		};
		D306753D25F7319A00550520 /* View */ = {
			isa = PBXGroup;
			children = (
				D306753E25F731CE00550520 /* DogBreedTableViewCell.swift */,
				D3C1E03B25F7EE8300766B3E /* BreedCollectionViewCell.swift */,
				D32A0F9B25FA758600948225 /* FavoriteDogCollectionViewCell.swift */,
			);
			path = View;
			sourceTree = "<group>";
		};
		D306754025F732D200550520 /* Controller */ = {
			isa = PBXGroup;
			children = (
				D306752825F7303900550520 /* AppDelegate.swift */,
				D306754125F732EC00550520 /* DogBreedViewController.swift */,
				D3C1E03925F7DC6B00766B3E /* BreedPhotoCollectionViewController.swift */,
				D3838C5325F8719400DD3CEF /* DataController.swift */,
				D32A0F9925FA6EF500948225 /* FavoriteDogsPhotoCollectionViewController.swift */,
			);
			path = Controller;
			sourceTree = "<group>";
		};
		D306754325F7336200550520 /* Model */ = {
			isa = PBXGroup;
			children = (
				D306754425F7337000550520 /* Client */,
			);
			path = Model;
			sourceTree = "<group>";
		};
		D306754425F7337000550520 /* Client */ = {
			isa = PBXGroup;
			children = (
				D306754525F7338100550520 /* DogClient.swift */,
				D306754725F7339A00550520 /* DogResponse.swift */,
			);
			path = Client;
			sourceTree = "<group>";
		};
		D392842E25FD80870096F698 /* Helpers */ = {
			isa = PBXGroup;
			children = (
				D392842F25FD809C0096F698 /* Alerts.swift */,
			);
			path = Helpers;
			sourceTree = "<group>";
		};
/* End PBXGroup section */

/* Begin PBXNativeTarget section */
		D306752425F7303900550520 /* FavoriteDogs */ = {
			isa = PBXNativeTarget;
			buildConfigurationList = D306753A25F7303A00550520 /* Build configuration list for PBXNativeTarget "FavoriteDogs" */;
			buildPhases = (
				D306752125F7303900550520 /* Sources */,
				D306752225F7303900550520 /* Frameworks */,
				D306752325F7303900550520 /* Resources */,
			);
			buildRules = (
			);
			dependencies = (
			);
			name = FavoriteDogs;
			productName = FavoriteDogs;
			productReference = D306752525F7303900550520 /* FavoriteDogs.app */;
			productType = "com.apple.product-type.application";
		};
/* End PBXNativeTarget section */

/* Begin PBXProject section */
		D306751D25F7303900550520 /* Project object */ = {
			isa = PBXProject;
			attributes = {
				LastSwiftUpdateCheck = 1030;
				LastUpgradeCheck = 1030;
				ORGANIZATIONNAME = "Leela Krishna Chaitanya Koravi";
				TargetAttributes = {
					D306752425F7303900550520 = {
						CreatedOnToolsVersion = 10.3;
					};
				};
			};
			buildConfigurationList = D306752025F7303900550520 /* Build configuration list for PBXProject "FavoriteDogs" */;
			compatibilityVersion = "Xcode 9.3";
			developmentRegion = en;
			hasScannedForEncodings = 0;
			knownRegions = (
				en,
				Base,
			);
			mainGroup = D306751C25F7303900550520;
			productRefGroup = D306752625F7303900550520 /* Products */;
			projectDirPath = "";
			projectRoot = "";
			targets = (
				D306752425F7303900550520 /* FavoriteDogs */,
			);
		};
/* End PBXProject section */

/* Begin PBXResourcesBuildPhase section */
		D306752325F7303900550520 /* Resources */ = {
			isa = PBXResourcesBuildPhase;
			buildActionMask = 2147483647;
			files = (
				D306753625F7303A00550520 /* LaunchScreen.storyboard in Resources */,
				D306753325F7303A00550520 /* Assets.xcassets in Resources */,
				D306752E25F7303900550520 /* Main.storyboard in Resources */,
			);
			runOnlyForDeploymentPostprocessing = 0;
		};
/* End PBXResourcesBuildPhase section */

/* Begin PBXSourcesBuildPhase section */
		D306752125F7303900550520 /* Sources */ = {
			isa = PBXSourcesBuildPhase;
			buildActionMask = 2147483647;
			files = (
				D306753F25F731CE00550520 /* DogBreedTableViewCell.swift in Sources */,
				D3C1E03A25F7DC6B00766B3E /* BreedPhotoCollectionViewController.swift in Sources */,
				D32A0F9C25FA758600948225 /* FavoriteDogCollectionViewCell.swift in Sources */,
				D306753125F7303900550520 /* FavoriteDogs.xcdatamodeld in Sources */,
				D306754825F7339A00550520 /* DogResponse.swift in Sources */,
				D3838C5425F8719400DD3CEF /* DataController.swift in Sources */,
				D306754225F732EC00550520 /* DogBreedViewController.swift in Sources */,
				D392843025FD809C0096F698 /* Alerts.swift in Sources */,
				D306752925F7303900550520 /* AppDelegate.swift in Sources */,
				D3C1E03C25F7EE8300766B3E /* BreedCollectionViewCell.swift in Sources */,
				D306754625F7338100550520 /* DogClient.swift in Sources */,
				D32A0F9A25FA6EF500948225 /* FavoriteDogsPhotoCollectionViewController.swift in Sources */,
			);
			runOnlyForDeploymentPostprocessing = 0;
		};
/* End PBXSourcesBuildPhase section */

/* Begin PBXVariantGroup section */
		D306752C25F7303900550520 /* Main.storyboard */ = {
			isa = PBXVariantGroup;
			children = (
				D306752D25F7303900550520 /* Base */,
			);
			name = Main.storyboard;
			sourceTree = "<group>";
		};
		D306753425F7303A00550520 /* LaunchScreen.storyboard */ = {
			isa = PBXVariantGroup;
			children = (
				D306753525F7303A00550520 /* Base */,
			);
			name = LaunchScreen.storyboard;
			sourceTree = "<group>";
		};
/* End PBXVariantGroup section */

/* Begin XCBuildConfiguration section */
		D306753825F7303A00550520 /* Debug */ = {
			isa = XCBuildConfiguration;
			buildSettings = {
				ALWAYS_SEARCH_USER_PATHS = NO;
				CLANG_ANALYZER_NONNULL = YES;
				CLANG_ANALYZER_NUMBER_OBJECT_CONVERSION = YES_AGGRESSIVE;
				CLANG_CXX_LANGUAGE_STANDARD = "gnu++14";
				CLANG_CXX_LIBRARY = "libc++";
				CLANG_ENABLE_MODULES = YES;
				CLANG_ENABLE_OBJC_ARC = YES;
				CLANG_ENABLE_OBJC_WEAK = YES;
				CLANG_WARN_BLOCK_CAPTURE_AUTORELEASING = YES;
				CLANG_WARN_BOOL_CONVERSION = YES;
				CLANG_WARN_COMMA = YES;
				CLANG_WARN_CONSTANT_CONVERSION = YES;
				CLANG_WARN_DEPRECATED_OBJC_IMPLEMENTATIONS = YES;
				CLANG_WARN_DIRECT_OBJC_ISA_USAGE = YES_ERROR;
				CLANG_WARN_DOCUMENTATION_COMMENTS = YES;
				CLANG_WARN_EMPTY_BODY = YES;
				CLANG_WARN_ENUM_CONVERSION = YES;
				CLANG_WARN_INFINITE_RECURSION = YES;
				CLANG_WARN_INT_CONVERSION = YES;
				CLANG_WARN_NON_LITERAL_NULL_CONVERSION = YES;
				CLANG_WARN_OBJC_IMPLICIT_RETAIN_SELF = YES;
				CLANG_WARN_OBJC_LITERAL_CONVERSION = YES;
				CLANG_WARN_OBJC_ROOT_CLASS = YES_ERROR;
				CLANG_WARN_RANGE_LOOP_ANALYSIS = YES;
				CLANG_WARN_STRICT_PROTOTYPES = YES;
				CLANG_WARN_SUSPICIOUS_MOVE = YES;
				CLANG_WARN_UNGUARDED_AVAILABILITY = YES_AGGRESSIVE;
				CLANG_WARN_UNREACHABLE_CODE = YES;
				CLANG_WARN__DUPLICATE_METHOD_MATCH = YES;
				CODE_SIGN_IDENTITY = "iPhone Developer";
				COPY_PHASE_STRIP = NO;
				DEBUG_INFORMATION_FORMAT = dwarf;
				ENABLE_STRICT_OBJC_MSGSEND = YES;
				ENABLE_TESTABILITY = YES;
				GCC_C_LANGUAGE_STANDARD = gnu11;
				GCC_DYNAMIC_NO_PIC = NO;
				GCC_NO_COMMON_BLOCKS = YES;
				GCC_OPTIMIZATION_LEVEL = 0;
				GCC_PREPROCESSOR_DEFINITIONS = (
					"DEBUG=1",
					"$(inherited)",
				);
				GCC_WARN_64_TO_32_BIT_CONVERSION = YES;
				GCC_WARN_ABOUT_RETURN_TYPE = YES_ERROR;
				GCC_WARN_UNDECLARED_SELECTOR = YES;
				GCC_WARN_UNINITIALIZED_AUTOS = YES_AGGRESSIVE;
				GCC_WARN_UNUSED_FUNCTION = YES;
				GCC_WARN_UNUSED_VARIABLE = YES;
				IPHONEOS_DEPLOYMENT_TARGET = 12.4;
				MTL_ENABLE_DEBUG_INFO = INCLUDE_SOURCE;
				MTL_FAST_MATH = YES;
				ONLY_ACTIVE_ARCH = YES;
				SDKROOT = iphoneos;
				SWIFT_ACTIVE_COMPILATION_CONDITIONS = DEBUG;
				SWIFT_OPTIMIZATION_LEVEL = "-Onone";
			};
			name = Debug;
		};
		D306753925F7303A00550520 /* Release */ = {
			isa = XCBuildConfiguration;
			buildSettings = {
				ALWAYS_SEARCH_USER_PATHS = NO;
				CLANG_ANALYZER_NONNULL = YES;
				CLANG_ANALYZER_NUMBER_OBJECT_CONVERSION = YES_AGGRESSIVE;
				CLANG_CXX_LANGUAGE_STANDARD = "gnu++14";
				CLANG_CXX_LIBRARY = "libc++";
				CLANG_ENABLE_MODULES = YES;
				CLANG_ENABLE_OBJC_ARC = YES;
				CLANG_ENABLE_OBJC_WEAK = YES;
				CLANG_WARN_BLOCK_CAPTURE_AUTORELEASING = YES;
				CLANG_WARN_BOOL_CONVERSION = YES;
				CLANG_WARN_COMMA = YES;
				CLANG_WARN_CONSTANT_CONVERSION = YES;
				CLANG_WARN_DEPRECATED_OBJC_IMPLEMENTATIONS = YES;
				CLANG_WARN_DIRECT_OBJC_ISA_USAGE = YES_ERROR;
				CLANG_WARN_DOCUMENTATION_COMMENTS = YES;
				CLANG_WARN_EMPTY_BODY = YES;
				CLANG_WARN_ENUM_CONVERSION = YES;
				CLANG_WARN_INFINITE_RECURSION = YES;
				CLANG_WARN_INT_CONVERSION = YES;
				CLANG_WARN_NON_LITERAL_NULL_CONVERSION = YES;
				CLANG_WARN_OBJC_IMPLICIT_RETAIN_SELF = YES;
				CLANG_WARN_OBJC_LITERAL_CONVERSION = YES;
				CLANG_WARN_OBJC_ROOT_CLASS = YES_ERROR;
				CLANG_WARN_RANGE_LOOP_ANALYSIS = YES;
				CLANG_WARN_STRICT_PROTOTYPES = YES;
				CLANG_WARN_SUSPICIOUS_MOVE = YES;
				CLANG_WARN_UNGUARDED_AVAILABILITY = YES_AGGRESSIVE;
				CLANG_WARN_UNREACHABLE_CODE = YES;
				CLANG_WARN__DUPLICATE_METHOD_MATCH = YES;
				CODE_SIGN_IDENTITY = "iPhone Developer";
				COPY_PHASE_STRIP = NO;
				DEBUG_INFORMATION_FORMAT = "dwarf-with-dsym";
				ENABLE_NS_ASSERTIONS = NO;
				ENABLE_STRICT_OBJC_MSGSEND = YES;
				GCC_C_LANGUAGE_STANDARD = gnu11;
				GCC_NO_COMMON_BLOCKS = YES;
				GCC_WARN_64_TO_32_BIT_CONVERSION = YES;
				GCC_WARN_ABOUT_RETURN_TYPE = YES_ERROR;
				GCC_WARN_UNDECLARED_SELECTOR = YES;
				GCC_WARN_UNINITIALIZED_AUTOS = YES_AGGRESSIVE;
				GCC_WARN_UNUSED_FUNCTION = YES;
				GCC_WARN_UNUSED_VARIABLE = YES;
				IPHONEOS_DEPLOYMENT_TARGET = 12.4;
				MTL_ENABLE_DEBUG_INFO = NO;
				MTL_FAST_MATH = YES;
				SDKROOT = iphoneos;
				SWIFT_COMPILATION_MODE = wholemodule;
				SWIFT_OPTIMIZATION_LEVEL = "-O";
				VALIDATE_PRODUCT = YES;
			};
			name = Release;
		};
		D306753B25F7303A00550520 /* Debug */ = {
			isa = XCBuildConfiguration;
			buildSettings = {
				ASSETCATALOG_COMPILER_APPICON_NAME = AppIcon;
				CODE_SIGN_STYLE = Automatic;
				INFOPLIST_FILE = FavoriteDogs/Info.plist;
				LD_RUNPATH_SEARCH_PATHS = (
					"$(inherited)",
					"@executable_path/Frameworks",
				);
				PRODUCT_BUNDLE_IDENTIFIER = "Leela-Krishna-Chaitanya-Koravi.FavoriteDogs";
				PRODUCT_NAME = "$(TARGET_NAME)";
				SWIFT_VERSION = 5.0;
				TARGETED_DEVICE_FAMILY = "1,2";
			};
			name = Debug;
		};
		D306753C25F7303A00550520 /* Release */ = {
			isa = XCBuildConfiguration;
			buildSettings = {
				ASSETCATALOG_COMPILER_APPICON_NAME = AppIcon;
				CODE_SIGN_STYLE = Automatic;
				INFOPLIST_FILE = FavoriteDogs/Info.plist;
				LD_RUNPATH_SEARCH_PATHS = (
					"$(inherited)",
					"@executable_path/Frameworks",
				);
				PRODUCT_BUNDLE_IDENTIFIER = "Leela-Krishna-Chaitanya-Koravi.FavoriteDogs";
				PRODUCT_NAME = "$(TARGET_NAME)";
				SWIFT_VERSION = 5.0;
				TARGETED_DEVICE_FAMILY = "1,2";
			};
			name = Release;
		};
/* End XCBuildConfiguration section */

/* Begin XCConfigurationList section */
		D306752025F7303900550520 /* Build configuration list for PBXProject "FavoriteDogs" */ = {
			isa = XCConfigurationList;
			buildConfigurations = (
				D306753825F7303A00550520 /* Debug */,
				D306753925F7303A00550520 /* Release */,
			);
			defaultConfigurationIsVisible = 0;
			defaultConfigurationName = Release;
		};
		D306753A25F7303A00550520 /* Build configuration list for PBXNativeTarget "FavoriteDogs" */ = {
			isa = XCConfigurationList;
			buildConfigurations = (
				D306753B25F7303A00550520 /* Debug */,
				D306753C25F7303A00550520 /* Release */,
			);
			defaultConfigurationIsVisible = 0;
			defaultConfigurationName = Release;
		};
/* End XCConfigurationList section */

/* Begin XCVersionGroup section */
		D306752F25F7303900550520 /* FavoriteDogs.xcdatamodeld */ = {
			isa = XCVersionGroup;
			children = (
				D306753025F7303900550520 /* FavoriteDogs.xcdatamodel */,
			);
			currentVersion = D306753025F7303900550520 /* FavoriteDogs.xcdatamodel */;
			path = FavoriteDogs.xcdatamodeld;
			sourceTree = "<group>";
			versionGroupType = wrapper.xcdatamodel;
		};
/* End XCVersionGroup section */
	};
	rootObject = D306751D25F7303900550520 /* Project object */;
}
